
Microsoft Visual Studio Solution File, Format Version 12.00
# Visual Studio Version 17
VisualStudioVersion = 17.0.31903.59
MinimumVisualStudioVersion = 10.0.40219.1
Project("{FAE04EC0-301F-11D3-BF4B-00C04F79EFBC}") = "ArrayProblems", "ArrayProblems\ArrayProblems.csproj", "{186FAECF-9D93-488D-AE2B-978F9247E1F5}"
EndProject
Project("{FAE04EC0-301F-11D3-BF4B-00C04F79EFBC}") = "DataStructures", "DataStructures\DataStructures.csproj", "{BDE2C76D-D504-4DD0-98D9-887817800CAA}"
EndProject
Project("{FAE04EC0-301F-11D3-BF4B-00C04F79EFBC}") = "DataStructures.Tests", "DataStructures.Tests\DataStructures.Tests.csproj", "{20EC99F5-CE84-4DCD-A58F-9AC552260965}"
EndProject
Global
	GlobalSection(SolutionConfigurationPlatforms) = preSolution
		Debug|Any CPU = Debug|Any CPU
		Release|Any CPU = Release|Any CPU
	EndGlobalSection
	GlobalSection(ProjectConfigurationPlatforms) = postSolution
		{186FAECF-9D93-488D-AE2B-978F9247E1F5}.Debug|Any CPU.ActiveCfg = Debug|Any CPU
		{186FAECF-9D93-488D-AE2B-978F9247E1F5}.Debug|Any CPU.Build.0 = Debug|Any CPU
		{186FAECF-9D93-488D-AE2B-978F9247E1F5}.Release|Any CPU.ActiveCfg = Release|Any CPU
		{186FAECF-9D93-488D-AE2B-978F9247E1F5}.Release|Any CPU.Build.0 = Release|Any CPU
		{BDE2C76D-D504-4DD0-98D9-887817800CAA}.Debug|Any CPU.ActiveCfg = Debug|Any CPU
		{BDE2C76D-D504-4DD0-98D9-887817800CAA}.Debug|Any CPU.Build.0 = Debug|Any CPU
		{BDE2C76D-D504-4DD0-98D9-887817800CAA}.Release|Any CPU.ActiveCfg = Release|Any CPU
		{BDE2C76D-D504-4DD0-98D9-887817800CAA}.Release|Any CPU.Build.0 = Release|Any CPU
		{20EC99F5-CE84-4DCD-A58F-9AC552260965}.Debug|Any CPU.ActiveCfg = Debug|Any CPU
		{20EC99F5-CE84-4DCD-A58F-9AC552260965}.Debug|Any CPU.Build.0 = Debug|Any CPU
		{20EC99F5-CE84-4DCD-A58F-9AC552260965}.Release|Any CPU.ActiveCfg = Release|Any CPU
		{20EC99F5-CE84-4DCD-A58F-9AC552260965}.Release|Any CPU.Build.0 = Release|Any CPU
	EndGlobalSection
	GlobalSection(SolutionProperties) = preSolution
		HideSolutionNode = FALSE
	EndGlobalSection
	GlobalSection(ExtensibilityGlobals) = postSolution
		SolutionGuid = {BCC03449-B391-436A-8460-4A0FD66186B0}
	EndGlobalSection
EndGlobal
